// !$*UTF8*$!
{
	archiveVersion = 1;
	classes = {
	};
	objectVersion = 56;
	objects = {

/* Begin PBXBuildFile section */
		9AB876472C281F6A00231695 /* hydrationTracking.xcdatamodeld in Sources */ = {isa = PBXBuildFile; fileRef = 9AB876432C281DAD00231695 /* hydrationTracking.xcdatamodeld */; };
		9AB876492C28230800231695 /* SignUpVM.swift in Sources */ = {isa = PBXBuildFile; fileRef = 9AB876482C28230800231695 /* SignUpVM.swift */; };
		9AB8764B2C28278800231695 /* ForgetPasswordVM.swift in Sources */ = {isa = PBXBuildFile; fileRef = 9AB8764A2C28278800231695 /* ForgetPasswordVM.swift */; };
		9AB8764D2C28304800231695 /* WaterConsumptionVM.swift in Sources */ = {isa = PBXBuildFile; fileRef = 9AB8764C2C28304800231695 /* WaterConsumptionVM.swift */; };
		9AB876502C284A2F00231695 /* WaterConsuptionAllRecordsVM.swift in Sources */ = {isa = PBXBuildFile; fileRef = 9AB8764F2C284A2F00231695 /* WaterConsuptionAllRecordsVM.swift */; };
		9AB978FC2C213233006D01D7 /* AddWaterConsuptionDetails.swift in Sources */ = {isa = PBXBuildFile; fileRef = 9AB978FB2C213233006D01D7 /* AddWaterConsuptionDetails.swift */; };
		9AB978FE2C2135AE006D01D7 /* WaterConsuptionAllRecords.swift in Sources */ = {isa = PBXBuildFile; fileRef = 9AB978FD2C2135AE006D01D7 /* WaterConsuptionAllRecords.swift */; };
		9AB979042C21DA1E006D01D7 /* PersistentStorage.swift in Sources */ = {isa = PBXBuildFile; fileRef = 9AB979032C21DA1E006D01D7 /* PersistentStorage.swift */; };
		9AB9790A2C21DDD0006D01D7 /* memberLoginData.swift in Sources */ = {isa = PBXBuildFile; fileRef = 9AB979092C21DDD0006D01D7 /* memberLoginData.swift */; };
		9AB9790C2C21DE3C006D01D7 /* ModelData.swift in Sources */ = {isa = PBXBuildFile; fileRef = 9AB9790B2C21DE3C006D01D7 /* ModelData.swift */; };
		9AB979122C21ED94006D01D7 /* SignUpVC.swift in Sources */ = {isa = PBXBuildFile; fileRef = 9AB979112C21ED94006D01D7 /* SignUpVC.swift */; };
		9AB979142C21EE3F006D01D7 /* ForgotPasswordVC.swift in Sources */ = {isa = PBXBuildFile; fileRef = 9AB979132C21EE3F006D01D7 /* ForgotPasswordVC.swift */; };
		9AB979162C226E6B006D01D7 /* indexVC.swift in Sources */ = {isa = PBXBuildFile; fileRef = 9AB979152C226E6B006D01D7 /* indexVC.swift */; };
		9AB9792E2C234257006D01D7 /* waterConsuptionHelper.swift in Sources */ = {isa = PBXBuildFile; fileRef = 9AB9792D2C234257006D01D7 /* waterConsuptionHelper.swift */; };
		9AB979382C28073F006D01D7 /* LoginDetails+CoreDataClass.swift in Sources */ = {isa = PBXBuildFile; fileRef = 9AB979342C28073F006D01D7 /* LoginDetails+CoreDataClass.swift */; };
		9AB979392C28073F006D01D7 /* LoginDetails+CoreDataProperties.swift in Sources */ = {isa = PBXBuildFile; fileRef = 9AB979352C28073F006D01D7 /* LoginDetails+CoreDataProperties.swift */; };
		9AB9793C2C280837006D01D7 /* MemberWaterCousuptionDetails+CoreDataClass.swift in Sources */ = {isa = PBXBuildFile; fileRef = 9AB9793A2C280837006D01D7 /* MemberWaterCousuptionDetails+CoreDataClass.swift */; };
		9AB9793D2C280837006D01D7 /* MemberWaterCousuptionDetails+CoreDataProperties.swift in Sources */ = {isa = PBXBuildFile; fileRef = 9AB9793B2C280837006D01D7 /* MemberWaterCousuptionDetails+CoreDataProperties.swift */; };
		9AB979422C281344006D01D7 /* LoginVM.swift in Sources */ = {isa = PBXBuildFile; fileRef = 9AB979412C281344006D01D7 /* LoginVM.swift */; };
		9AB979442C2814A9006D01D7 /* Utiles.swift in Sources */ = {isa = PBXBuildFile; fileRef = 9AB979432C2814A9006D01D7 /* Utiles.swift */; };
		9ABA684B2C2093A900DF3956 /* AppDelegate.swift in Sources */ = {isa = PBXBuildFile; fileRef = 9ABA684A2C2093A900DF3956 /* AppDelegate.swift */; };
		9ABA684D2C2093A900DF3956 /* SceneDelegate.swift in Sources */ = {isa = PBXBuildFile; fileRef = 9ABA684C2C2093A900DF3956 /* SceneDelegate.swift */; };
		9ABA684F2C2093A900DF3956 /* LoginVC.swift in Sources */ = {isa = PBXBuildFile; fileRef = 9ABA684E2C2093A900DF3956 /* LoginVC.swift */; };
		9ABA68522C2093A900DF3956 /* Main.storyboard in Resources */ = {isa = PBXBuildFile; fileRef = 9ABA68502C2093A900DF3956 /* Main.storyboard */; };
		9ABA68572C2093AB00DF3956 /* Assets.xcassets in Resources */ = {isa = PBXBuildFile; fileRef = 9ABA68562C2093AB00DF3956 /* Assets.xcassets */; };
		9ABA685A2C2093AB00DF3956 /* LaunchScreen.storyboard in Resources */ = {isa = PBXBuildFile; fileRef = 9ABA68582C2093AB00DF3956 /* LaunchScreen.storyboard */; };
/* End PBXBuildFile section */

/* Begin PBXFileReference section */
		9AB876442C281DAD00231695 /* hydrationTracking.xcdatamodel */ = {isa = PBXFileReference; lastKnownFileType = wrapper.xcdatamodel; path = hydrationTracking.xcdatamodel; sourceTree = "<group>"; };
		9AB876482C28230800231695 /* SignUpVM.swift */ = {isa = PBXFileReference; lastKnownFileType = sourcecode.swift; path = SignUpVM.swift; sourceTree = "<group>"; };
		9AB8764A2C28278800231695 /* ForgetPasswordVM.swift */ = {isa = PBXFileReference; lastKnownFileType = sourcecode.swift; path = ForgetPasswordVM.swift; sourceTree = "<group>"; };
		9AB8764C2C28304800231695 /* WaterConsumptionVM.swift */ = {isa = PBXFileReference; lastKnownFileType = sourcecode.swift; path = WaterConsumptionVM.swift; sourceTree = "<group>"; };
		9AB8764F2C284A2F00231695 /* WaterConsuptionAllRecordsVM.swift */ = {isa = PBXFileReference; lastKnownFileType = sourcecode.swift; path = WaterConsuptionAllRecordsVM.swift; sourceTree = "<group>"; };
		9AB978FB2C213233006D01D7 /* AddWaterConsuptionDetails.swift */ = {isa = PBXFileReference; lastKnownFileType = sourcecode.swift; path = AddWaterConsuptionDetails.swift; sourceTree = "<group>"; };
		9AB978FD2C2135AE006D01D7 /* WaterConsuptionAllRecords.swift */ = {isa = PBXFileReference; lastKnownFileType = sourcecode.swift; path = WaterConsuptionAllRecords.swift; sourceTree = "<group>"; };
		9AB979032C21DA1E006D01D7 /* PersistentStorage.swift */ = {isa = PBXFileReference; lastKnownFileType = sourcecode.swift; path = PersistentStorage.swift; sourceTree = "<group>"; };
		9AB979092C21DDD0006D01D7 /* memberLoginData.swift */ = {isa = PBXFileReference; lastKnownFileType = sourcecode.swift; path = memberLoginData.swift; sourceTree = "<group>"; };
		9AB9790B2C21DE3C006D01D7 /* ModelData.swift */ = {isa = PBXFileReference; lastKnownFileType = sourcecode.swift; path = ModelData.swift; sourceTree = "<group>"; };
		9AB979112C21ED94006D01D7 /* SignUpVC.swift */ = {isa = PBXFileReference; lastKnownFileType = sourcecode.swift; path = SignUpVC.swift; sourceTree = "<group>"; };
		9AB979132C21EE3F006D01D7 /* ForgotPasswordVC.swift */ = {isa = PBXFileReference; lastKnownFileType = sourcecode.swift; path = ForgotPasswordVC.swift; sourceTree = "<group>"; };
		9AB979152C226E6B006D01D7 /* indexVC.swift */ = {isa = PBXFileReference; lastKnownFileType = sourcecode.swift; path = indexVC.swift; sourceTree = "<group>"; };
		9AB9792D2C234257006D01D7 /* waterConsuptionHelper.swift */ = {isa = PBXFileReference; lastKnownFileType = sourcecode.swift; path = waterConsuptionHelper.swift; sourceTree = "<group>"; };
		9AB979342C28073F006D01D7 /* LoginDetails+CoreDataClass.swift */ = {isa = PBXFileReference; lastKnownFileType = sourcecode.swift; path = "LoginDetails+CoreDataClass.swift"; sourceTree = SOURCE_ROOT; };
		9AB979352C28073F006D01D7 /* LoginDetails+CoreDataProperties.swift */ = {isa = PBXFileReference; lastKnownFileType = sourcecode.swift; path = "LoginDetails+CoreDataProperties.swift"; sourceTree = SOURCE_ROOT; };
		9AB9793A2C280837006D01D7 /* MemberWaterCousuptionDetails+CoreDataClass.swift */ = {isa = PBXFileReference; lastKnownFileType = sourcecode.swift; path = "MemberWaterCousuptionDetails+CoreDataClass.swift"; sourceTree = SOURCE_ROOT; };
		9AB9793B2C280837006D01D7 /* MemberWaterCousuptionDetails+CoreDataProperties.swift */ = {isa = PBXFileReference; lastKnownFileType = sourcecode.swift; path = "MemberWaterCousuptionDetails+CoreDataProperties.swift"; sourceTree = SOURCE_ROOT; };
		9AB979412C281344006D01D7 /* LoginVM.swift */ = {isa = PBXFileReference; lastKnownFileType = sourcecode.swift; path = LoginVM.swift; sourceTree = "<group>"; };
		9AB979432C2814A9006D01D7 /* Utiles.swift */ = {isa = PBXFileReference; lastKnownFileType = sourcecode.swift; path = Utiles.swift; sourceTree = "<group>"; };
		9ABA68472C2093A900DF3956 /* hydrationTracking.app */ = {isa = PBXFileReference; explicitFileType = wrapper.application; includeInIndex = 0; path = hydrationTracking.app; sourceTree = BUILT_PRODUCTS_DIR; };
		9ABA684A2C2093A900DF3956 /* AppDelegate.swift */ = {isa = PBXFileReference; lastKnownFileType = sourcecode.swift; path = AppDelegate.swift; sourceTree = "<group>"; };
		9ABA684C2C2093A900DF3956 /* SceneDelegate.swift */ = {isa = PBXFileReference; lastKnownFileType = sourcecode.swift; path = SceneDelegate.swift; sourceTree = "<group>"; };
		9ABA684E2C2093A900DF3956 /* LoginVC.swift */ = {isa = PBXFileReference; lastKnownFileType = sourcecode.swift; path = LoginVC.swift; sourceTree = "<group>"; };
		9ABA68512C2093A900DF3956 /* Base */ = {isa = PBXFileReference; lastKnownFileType = file.storyboard; name = Base; path = Base.lproj/Main.storyboard; sourceTree = "<group>"; };
		9ABA68562C2093AB00DF3956 /* Assets.xcassets */ = {isa = PBXFileReference; lastKnownFileType = folder.assetcatalog; path = Assets.xcassets; sourceTree = "<group>"; };
		9ABA68592C2093AB00DF3956 /* Base */ = {isa = PBXFileReference; lastKnownFileType = file.storyboard; name = Base; path = Base.lproj/LaunchScreen.storyboard; sourceTree = "<group>"; };
		9ABA685B2C2093AB00DF3956 /* Info.plist */ = {isa = PBXFileReference; lastKnownFileType = text.plist.xml; path = Info.plist; sourceTree = "<group>"; };
/* End PBXFileReference section */

/* Begin PBXFrameworksBuildPhase section */
		9ABA68442C2093A900DF3956 /* Frameworks */ = {
			isa = PBXFrameworksBuildPhase;
			buildActionMask = 2147483647;
			files = (
			);
			runOnlyForDeploymentPostprocessing = 0;
		};
/* End PBXFrameworksBuildPhase section */

/* Begin PBXGroup section */
		9AB979172C2326F0006D01D7 /* DefaultCoureDetailFile */ = {
			isa = PBXGroup;
			children = (
				9AB9793A2C280837006D01D7 /* MemberWaterCousuptionDetails+CoreDataClass.swift */,
				9AB9793B2C280837006D01D7 /* MemberWaterCousuptionDetails+CoreDataProperties.swift */,
				9AB979342C28073F006D01D7 /* LoginDetails+CoreDataClass.swift */,
				9AB979352C28073F006D01D7 /* LoginDetails+CoreDataProperties.swift */,
			);
			path = DefaultCoureDetailFile;
			sourceTree = "<group>";
		};
		9AB9792C2C2341FF006D01D7 /* Model */ = {
			isa = PBXGroup;
			children = (
				9AB9790B2C21DE3C006D01D7 /* ModelData.swift */,
				9AB979092C21DDD0006D01D7 /* memberLoginData.swift */,
				9AB9792D2C234257006D01D7 /* waterConsuptionHelper.swift */,
			);
			path = Model;
			sourceTree = "<group>";
		};
		9AB9793E2C280FC8006D01D7 /* View */ = {
			isa = PBXGroup;
			children = (
				9ABA684E2C2093A900DF3956 /* LoginVC.swift */,
				9AB979152C226E6B006D01D7 /* indexVC.swift */,
				9AB979132C21EE3F006D01D7 /* ForgotPasswordVC.swift */,
				9AB979112C21ED94006D01D7 /* SignUpVC.swift */,
				9AB978FD2C2135AE006D01D7 /* WaterConsuptionAllRecords.swift */,
				9AB978FB2C213233006D01D7 /* AddWaterConsuptionDetails.swift */,
			);
			path = View;
			sourceTree = "<group>";
		};
		9AB9793F2C28114D006D01D7 /* ViewModel */ = {
			isa = PBXGroup;
			children = (
				9AB979412C281344006D01D7 /* LoginVM.swift */,
				9AB876482C28230800231695 /* SignUpVM.swift */,
				9AB8764A2C28278800231695 /* ForgetPasswordVM.swift */,
				9AB8764C2C28304800231695 /* WaterConsumptionVM.swift */,
				9AB8764F2C284A2F00231695 /* WaterConsuptionAllRecordsVM.swift */,
			);
			path = ViewModel;
			sourceTree = "<group>";
		};
		9AB979402C2811B3006D01D7 /* Utiles */ = {
			isa = PBXGroup;
			children = (
				9AB979032C21DA1E006D01D7 /* PersistentStorage.swift */,
				9AB979432C2814A9006D01D7 /* Utiles.swift */,
			);
			path = Utiles;
			sourceTree = "<group>";
		};
		9ABA683E2C2093A900DF3956 = {
			isa = PBXGroup;
			children = (
				9ABA68492C2093A900DF3956 /* hydrationTracking */,
				9ABA68482C2093A900DF3956 /* Products */,
			);
			sourceTree = "<group>";
		};
		9ABA68482C2093A900DF3956 /* Products */ = {
			isa = PBXGroup;
			children = (
				9ABA68472C2093A900DF3956 /* hydrationTracking.app */,
			);
			name = Products;
			sourceTree = "<group>";
		};
		9ABA68492C2093A900DF3956 /* hydrationTracking */ = {
			isa = PBXGroup;
			children = (
				9AB979402C2811B3006D01D7 /* Utiles */,
				9AB979172C2326F0006D01D7 /* DefaultCoureDetailFile */,
				9AB9793E2C280FC8006D01D7 /* View */,
				9AB9793F2C28114D006D01D7 /* ViewModel */,
				9AB9792C2C2341FF006D01D7 /* Model */,
				9ABA684A2C2093A900DF3956 /* AppDelegate.swift */,
				9ABA684C2C2093A900DF3956 /* SceneDelegate.swift */,
				9ABA68502C2093A900DF3956 /* Main.storyboard */,
				9ABA68562C2093AB00DF3956 /* Assets.xcassets */,
				9ABA68582C2093AB00DF3956 /* LaunchScreen.storyboard */,
				9ABA685B2C2093AB00DF3956 /* Info.plist */,
				9AB876432C281DAD00231695 /* hydrationTracking.xcdatamodeld */,
			);
			path = hydrationTracking;
			sourceTree = "<group>";
		};
/* End PBXGroup section */

/* Begin PBXNativeTarget section */
		9ABA68462C2093A900DF3956 /* hydrationTracking */ = {
			isa = PBXNativeTarget;
			buildConfigurationList = 9ABA685E2C2093AB00DF3956 /* Build configuration list for PBXNativeTarget "hydrationTracking" */;
			buildPhases = (
				9ABA68432C2093A900DF3956 /* Sources */,
				9ABA68442C2093A900DF3956 /* Frameworks */,
				9ABA68452C2093A900DF3956 /* Resources */,
			);
			buildRules = (
			);
			dependencies = (
			);
			name = hydrationTracking;
			productName = hydrationTracking;
			productReference = 9ABA68472C2093A900DF3956 /* hydrationTracking.app */;
			productType = "com.apple.product-type.application";
		};
/* End PBXNativeTarget section */

/* Begin PBXProject section */
		9ABA683F2C2093A900DF3956 /* Project object */ = {
			isa = PBXProject;
			attributes = {
				BuildIndependentTargetsInParallel = 1;
				LastSwiftUpdateCheck = 1500;
				LastUpgradeCheck = 1500;
				TargetAttributes = {
					9ABA68462C2093A900DF3956 = {
						CreatedOnToolsVersion = 15.0;
					};
				};
			};
			buildConfigurationList = 9ABA68422C2093A900DF3956 /* Build configuration list for PBXProject "hydrationTracking" */;
			compatibilityVersion = "Xcode 14.0";
			developmentRegion = en;
			hasScannedForEncodings = 0;
			knownRegions = (
				en,
				Base,
			);
			mainGroup = 9ABA683E2C2093A900DF3956;
			productRefGroup = 9ABA68482C2093A900DF3956 /* Products */;
			projectDirPath = "";
			projectRoot = "";
			targets = (
				9ABA68462C2093A900DF3956 /* hydrationTracking */,
			);
		};
/* End PBXProject section */

/* Begin PBXResourcesBuildPhase section */
		9ABA68452C2093A900DF3956 /* Resources */ = {
			isa = PBXResourcesBuildPhase;
			buildActionMask = 2147483647;
			files = (
				9ABA685A2C2093AB00DF3956 /* LaunchScreen.storyboard in Resources */,
				9ABA68572C2093AB00DF3956 /* Assets.xcassets in Resources */,
				9ABA68522C2093A900DF3956 /* Main.storyboard in Resources */,
			);
			runOnlyForDeploymentPostprocessing = 0;
		};
/* End PBXResourcesBuildPhase section */

/* Begin PBXSourcesBuildPhase section */
		9ABA68432C2093A900DF3956 /* Sources */ = {
			isa = PBXSourcesBuildPhase;
			buildActionMask = 2147483647;
			files = (
				9AB876472C281F6A00231695 /* hydrationTracking.xcdatamodeld in Sources */,
				9ABA684F2C2093A900DF3956 /* LoginVC.swift in Sources */,
				9AB978FC2C213233006D01D7 /* AddWaterConsuptionDetails.swift in Sources */,
				9AB979042C21DA1E006D01D7 /* PersistentStorage.swift in Sources */,
				9AB979392C28073F006D01D7 /* LoginDetails+CoreDataProperties.swift in Sources */,
				9AB9790A2C21DDD0006D01D7 /* memberLoginData.swift in Sources */,
				9AB978FE2C2135AE006D01D7 /* WaterConsuptionAllRecords.swift in Sources */,
				9AB9790C2C21DE3C006D01D7 /* ModelData.swift in Sources */,
				9AB979142C21EE3F006D01D7 /* ForgotPasswordVC.swift in Sources */,
				9AB9793C2C280837006D01D7 /* MemberWaterCousuptionDetails+CoreDataClass.swift in Sources */,
				9AB8764D2C28304800231695 /* WaterConsumptionVM.swift in Sources */,
				9ABA684B2C2093A900DF3956 /* AppDelegate.swift in Sources */,
				9AB979442C2814A9006D01D7 /* Utiles.swift in Sources */,
				9AB876492C28230800231695 /* SignUpVM.swift in Sources */,
				9AB979122C21ED94006D01D7 /* SignUpVC.swift in Sources */,
				9AB979382C28073F006D01D7 /* LoginDetails+CoreDataClass.swift in Sources */,
				9AB9793D2C280837006D01D7 /* MemberWaterCousuptionDetails+CoreDataProperties.swift in Sources */,
				9AB979422C281344006D01D7 /* LoginVM.swift in Sources */,
				9ABA684D2C2093A900DF3956 /* SceneDelegate.swift in Sources */,
				9AB979162C226E6B006D01D7 /* indexVC.swift in Sources */,
				9AB876502C284A2F00231695 /* WaterConsuptionAllRecordsVM.swift in Sources */,
				9AB8764B2C28278800231695 /* ForgetPasswordVM.swift in Sources */,
				9AB9792E2C234257006D01D7 /* waterConsuptionHelper.swift in Sources */,
			);
			runOnlyForDeploymentPostprocessing = 0;
		};
/* End PBXSourcesBuildPhase section */

/* Begin PBXVariantGroup section */
		9ABA68502C2093A900DF3956 /* Main.storyboard */ = {
			isa = PBXVariantGroup;
			children = (
				9ABA68512C2093A900DF3956 /* Base */,
			);
			name = Main.storyboard;
			sourceTree = "<group>";
		};
		9ABA68582C2093AB00DF3956 /* LaunchScreen.storyboard */ = {
			isa = PBXVariantGroup;
			children = (
				9ABA68592C2093AB00DF3956 /* Base */,
			);
			name = LaunchScreen.storyboard;
			sourceTree = "<group>";
		};
/* End PBXVariantGroup section */

/* Begin XCBuildConfiguration section */
		9ABA685C2C2093AB00DF3956 /* Debug */ = {
			isa = XCBuildConfiguration;
			buildSettings = {
				ALWAYS_SEARCH_USER_PATHS = NO;
				ASSETCATALOG_COMPILER_GENERATE_SWIFT_ASSET_SYMBOL_EXTENSIONS = YES;
				CLANG_ANALYZER_NONNULL = YES;
				CLANG_ANALYZER_NUMBER_OBJECT_CONVERSION = YES_AGGRESSIVE;
				CLANG_CXX_LANGUAGE_STANDARD = "gnu++20";
				CLANG_ENABLE_MODULES = YES;
				CLANG_ENABLE_OBJC_ARC = YES;
				CLANG_ENABLE_OBJC_WEAK = YES;
				CLANG_WARN_BLOCK_CAPTURE_AUTORELEASING = YES;
				CLANG_WARN_BOOL_CONVERSION = YES;
				CLANG_WARN_COMMA = YES;
				CLANG_WARN_CONSTANT_CONVERSION = YES;
				CLANG_WARN_DEPRECATED_OBJC_IMPLEMENTATIONS = YES;
				CLANG_WARN_DIRECT_OBJC_ISA_USAGE = YES_ERROR;
				CLANG_WARN_DOCUMENTATION_COMMENTS = YES;
				CLANG_WARN_EMPTY_BODY = YES;
				CLANG_WARN_ENUM_CONVERSION = YES;
				CLANG_WARN_INFINITE_RECURSION = YES;
				CLANG_WARN_INT_CONVERSION = YES;
				CLANG_WARN_NON_LITERAL_NULL_CONVERSION = YES;
				CLANG_WARN_OBJC_IMPLICIT_RETAIN_SELF = YES;
				CLANG_WARN_OBJC_LITERAL_CONVERSION = YES;
				CLANG_WARN_OBJC_ROOT_CLASS = YES_ERROR;
				CLANG_WARN_QUOTED_INCLUDE_IN_FRAMEWORK_HEADER = YES;
				CLANG_WARN_RANGE_LOOP_ANALYSIS = YES;
				CLANG_WARN_STRICT_PROTOTYPES = YES;
				CLANG_WARN_SUSPICIOUS_MOVE = YES;
				CLANG_WARN_UNGUARDED_AVAILABILITY = YES_AGGRESSIVE;
				CLANG_WARN_UNREACHABLE_CODE = YES;
				CLANG_WARN__DUPLICATE_METHOD_MATCH = YES;
				COPY_PHASE_STRIP = NO;
				DEBUG_INFORMATION_FORMAT = dwarf;
				ENABLE_STRICT_OBJC_MSGSEND = YES;
				ENABLE_TESTABILITY = YES;
				ENABLE_USER_SCRIPT_SANDBOXING = YES;
				GCC_C_LANGUAGE_STANDARD = gnu17;
				GCC_DYNAMIC_NO_PIC = NO;
				GCC_NO_COMMON_BLOCKS = YES;
				GCC_OPTIMIZATION_LEVEL = 0;
				GCC_PREPROCESSOR_DEFINITIONS = (
					"DEBUG=1",
					"$(inherited)",
				);
				GCC_WARN_64_TO_32_BIT_CONVERSION = YES;
				GCC_WARN_ABOUT_RETURN_TYPE = YES_ERROR;
				GCC_WARN_UNDECLARED_SELECTOR = YES;
				GCC_WARN_UNINITIALIZED_AUTOS = YES_AGGRESSIVE;
				GCC_WARN_UNUSED_FUNCTION = YES;
				GCC_WARN_UNUSED_VARIABLE = YES;
				IPHONEOS_DEPLOYMENT_TARGET = 17.0;
				LOCALIZATION_PREFERS_STRING_CATALOGS = YES;
				MTL_ENABLE_DEBUG_INFO = INCLUDE_SOURCE;
				MTL_FAST_MATH = YES;
				ONLY_ACTIVE_ARCH = YES;
				SDKROOT = iphoneos;
				SWIFT_ACTIVE_COMPILATION_CONDITIONS = "DEBUG $(inherited)";
				SWIFT_OPTIMIZATION_LEVEL = "-Onone";
			};
			name = Debug;
		};
		9ABA685D2C2093AB00DF3956 /* Release */ = {
			isa = XCBuildConfiguration;
			buildSettings = {
				ALWAYS_SEARCH_USER_PATHS = NO;
				ASSETCATALOG_COMPILER_GENERATE_SWIFT_ASSET_SYMBOL_EXTENSIONS = YES;
				CLANG_ANALYZER_NONNULL = YES;
				CLANG_ANALYZER_NUMBER_OBJECT_CONVERSION = YES_AGGRESSIVE;
				CLANG_CXX_LANGUAGE_STANDARD = "gnu++20";
				CLANG_ENABLE_MODULES = YES;
				CLANG_ENABLE_OBJC_ARC = YES;
				CLANG_ENABLE_OBJC_WEAK = YES;
				CLANG_WARN_BLOCK_CAPTURE_AUTORELEASING = YES;
				CLANG_WARN_BOOL_CONVERSION = YES;
				CLANG_WARN_COMMA = YES;
				CLANG_WARN_CONSTANT_CONVERSION = YES;
				CLANG_WARN_DEPRECATED_OBJC_IMPLEMENTATIONS = YES;
				CLANG_WARN_DIRECT_OBJC_ISA_USAGE = YES_ERROR;
				CLANG_WARN_DOCUMENTATION_COMMENTS = YES;
				CLANG_WARN_EMPTY_BODY = YES;
				CLANG_WARN_ENUM_CONVERSION = YES;
				CLANG_WARN_INFINITE_RECURSION = YES;
				CLANG_WARN_INT_CONVERSION = YES;
				CLANG_WARN_NON_LITERAL_NULL_CONVERSION = YES;
				CLANG_WARN_OBJC_IMPLICIT_RETAIN_SELF = YES;
				CLANG_WARN_OBJC_LITERAL_CONVERSION = YES;
				CLANG_WARN_OBJC_ROOT_CLASS = YES_ERROR;
				CLANG_WARN_QUOTED_INCLUDE_IN_FRAMEWORK_HEADER = YES;
				CLANG_WARN_RANGE_LOOP_ANALYSIS = YES;
				CLANG_WARN_STRICT_PROTOTYPES = YES;
				CLANG_WARN_SUSPICIOUS_MOVE = YES;
				CLANG_WARN_UNGUARDED_AVAILABILITY = YES_AGGRESSIVE;
				CLANG_WARN_UNREACHABLE_CODE = YES;
				CLANG_WARN__DUPLICATE_METHOD_MATCH = YES;
				COPY_PHASE_STRIP = NO;
				DEBUG_INFORMATION_FORMAT = "dwarf-with-dsym";
				ENABLE_NS_ASSERTIONS = NO;
				ENABLE_STRICT_OBJC_MSGSEND = YES;
				ENABLE_USER_SCRIPT_SANDBOXING = YES;
				GCC_C_LANGUAGE_STANDARD = gnu17;
				GCC_NO_COMMON_BLOCKS = YES;
				GCC_WARN_64_TO_32_BIT_CONVERSION = YES;
				GCC_WARN_ABOUT_RETURN_TYPE = YES_ERROR;
				GCC_WARN_UNDECLARED_SELECTOR = YES;
				GCC_WARN_UNINITIALIZED_AUTOS = YES_AGGRESSIVE;
				GCC_WARN_UNUSED_FUNCTION = YES;
				GCC_WARN_UNUSED_VARIABLE = YES;
				IPHONEOS_DEPLOYMENT_TARGET = 17.0;
				LOCALIZATION_PREFERS_STRING_CATALOGS = YES;
				MTL_ENABLE_DEBUG_INFO = NO;
				MTL_FAST_MATH = YES;
				SDKROOT = iphoneos;
				SWIFT_COMPILATION_MODE = wholemodule;
				VALIDATE_PRODUCT = YES;
			};
			name = Release;
		};
		9ABA685F2C2093AB00DF3956 /* Debug */ = {
			isa = XCBuildConfiguration;
			buildSettings = {
				ASSETCATALOG_COMPILER_APPICON_NAME = AppIcon;
				ASSETCATALOG_COMPILER_GLOBAL_ACCENT_COLOR_NAME = AccentColor;
				CODE_SIGN_STYLE = Automatic;
				CURRENT_PROJECT_VERSION = 1;
				GENERATE_INFOPLIST_FILE = YES;
				INFOPLIST_FILE = hydrationTracking/Info.plist;
				INFOPLIST_KEY_UIApplicationSupportsIndirectInputEvents = YES;
				INFOPLIST_KEY_UILaunchStoryboardName = LaunchScreen;
				INFOPLIST_KEY_UIMainStoryboardFile = Main;
				INFOPLIST_KEY_UISupportedInterfaceOrientations_iPad = "UIInterfaceOrientationPortrait UIInterfaceOrientationPortraitUpsideDown UIInterfaceOrientationLandscapeLeft UIInterfaceOrientationLandscapeRight";
				INFOPLIST_KEY_UISupportedInterfaceOrientations_iPhone = "UIInterfaceOrientationPortrait UIInterfaceOrientationLandscapeLeft UIInterfaceOrientationLandscapeRight";
				LD_RUNPATH_SEARCH_PATHS = (
					"$(inherited)",
					"@executable_path/Frameworks",
				);
				MARKETING_VERSION = 1.0;
				PRODUCT_BUNDLE_IDENTIFIER = com.hydrationTracking;
				PRODUCT_NAME = "$(TARGET_NAME)";
				SWIFT_EMIT_LOC_STRINGS = YES;
				SWIFT_VERSION = 5.0;
				TARGETED_DEVICE_FAMILY = "1,2";
			};
			name = Debug;
		};
		9ABA68602C2093AB00DF3956 /* Release */ = {
			isa = XCBuildConfiguration;
			buildSettings = {
				ASSETCATALOG_COMPILER_APPICON_NAME = AppIcon;
				ASSETCATALOG_COMPILER_GLOBAL_ACCENT_COLOR_NAME = AccentColor;
				CODE_SIGN_STYLE = Automatic;
				CURRENT_PROJECT_VERSION = 1;
				GENERATE_INFOPLIST_FILE = YES;
				INFOPLIST_FILE = hydrationTracking/Info.plist;
				INFOPLIST_KEY_UIApplicationSupportsIndirectInputEvents = YES;
				INFOPLIST_KEY_UILaunchStoryboardName = LaunchScreen;
				INFOPLIST_KEY_UIMainStoryboardFile = Main;
				INFOPLIST_KEY_UISupportedInterfaceOrientations_iPad = "UIInterfaceOrientationPortrait UIInterfaceOrientationPortraitUpsideDown UIInterfaceOrientationLandscapeLeft UIInterfaceOrientationLandscapeRight";
				INFOPLIST_KEY_UISupportedInterfaceOrientations_iPhone = "UIInterfaceOrientationPortrait UIInterfaceOrientationLandscapeLeft UIInterfaceOrientationLandscapeRight";
				LD_RUNPATH_SEARCH_PATHS = (
					"$(inherited)",
					"@executable_path/Frameworks",
				);
				MARKETING_VERSION = 1.0;
				PRODUCT_BUNDLE_IDENTIFIER = com.hydrationTracking;
				PRODUCT_NAME = "$(TARGET_NAME)";
				SWIFT_EMIT_LOC_STRINGS = YES;
				SWIFT_VERSION = 5.0;
				TARGETED_DEVICE_FAMILY = "1,2";
			};
			name = Release;
		};
/* End XCBuildConfiguration section */

/* Begin XCConfigurationList section */
		9ABA68422C2093A900DF3956 /* Build configuration list for PBXProject "hydrationTracking" */ = {
			isa = XCConfigurationList;
			buildConfigurations = (
				9ABA685C2C2093AB00DF3956 /* Debug */,
				9ABA685D2C2093AB00DF3956 /* Release */,
			);
			defaultConfigurationIsVisible = 0;
			defaultConfigurationName = Release;
		};
		9ABA685E2C2093AB00DF3956 /* Build configuration list for PBXNativeTarget "hydrationTracking" */ = {
			isa = XCConfigurationList;
			buildConfigurations = (
				9ABA685F2C2093AB00DF3956 /* Debug */,
				9ABA68602C2093AB00DF3956 /* Release */,
			);
			defaultConfigurationIsVisible = 0;
			defaultConfigurationName = Release;
		};
/* End XCConfigurationList section */

/* Begin XCVersionGroup section */
		9AB876432C281DAD00231695 /* hydrationTracking.xcdatamodeld */ = {
			isa = XCVersionGroup;
			children = (
				9AB876442C281DAD00231695 /* hydrationTracking.xcdatamodel */,
			);
			currentVersion = 9AB876442C281DAD00231695 /* hydrationTracking.xcdatamodel */;
			name = hydrationTracking.xcdatamodeld;
			path = ../../../hydrationTracking/hydrationTracking/hydrationTracking.xcdatamodeld;
			sourceTree = "<group>";
			versionGroupType = wrapper.xcdatamodel;
		};
/* End XCVersionGroup section */
	};
	rootObject = 9ABA683F2C2093A900DF3956 /* Project object */;
}
